
Microsoft Visual Studio Solution File, Format Version 12.00
# Visual Studio Version 16
VisualStudioVersion = 16.0.31624.102
MinimumVisualStudioVersion = 10.0.40219.1
Project("{2150E333-8FDC-42A3-9474-1A3956D46DE8}") = "Application", "Application", "{DE8E6CD2-067B-4584-852A-4B108D9D33F6}"
EndProject
Project("{2150E333-8FDC-42A3-9474-1A3956D46DE8}") = "Domain", "Domain", "{CDA76B21-7093-4693-ADDA-7BAC1C9B4898}"
EndProject
Project("{2150E333-8FDC-42A3-9474-1A3956D46DE8}") = "Infra.IoC", "Infra.IoC", "{CA1E3587-D0B6-4E4B-A1EF-D8889D2A04EF}"
EndProject
Project("{2150E333-8FDC-42A3-9474-1A3956D46DE8}") = "Infra.Data", "Infra.Data", "{7538A365-6D61-4AA6-898C-BD8F0BD40B48}"
EndProject
Project("{2150E333-8FDC-42A3-9474-1A3956D46DE8}") = "Presentation", "Presentation", "{92198EE4-A0BB-4E81-875E-5E8C2FA08694}"
EndProject
Project("{9A19103F-16F7-4668-BE54-9A1E7A4F7556}") = "CleanArch.Mvc", "CleanArch.Mvc\CleanArch.Mvc.csproj", "{260AA54E-1BC4-45CA-AEE8-FD51263A07CE}"
EndProject
Project("{FAE04EC0-301F-11D3-BF4B-00C04F79EFBC}") = "CleanArch.Domain", "CleanArch.Domain\CleanArch.Domain.csproj", "{5342A5F6-9378-4616-981D-3F8FDC3D9857}"
EndProject
Global
	GlobalSection(SolutionConfigurationPlatforms) = preSolution
		Debug|Any CPU = Debug|Any CPU
		Release|Any CPU = Release|Any CPU
	EndGlobalSection
	GlobalSection(ProjectConfigurationPlatforms) = postSolution
		{260AA54E-1BC4-45CA-AEE8-FD51263A07CE}.Debug|Any CPU.ActiveCfg = Debug|Any CPU
		{260AA54E-1BC4-45CA-AEE8-FD51263A07CE}.Debug|Any CPU.Build.0 = Debug|Any CPU
		{260AA54E-1BC4-45CA-AEE8-FD51263A07CE}.Release|Any CPU.ActiveCfg = Release|Any CPU
		{260AA54E-1BC4-45CA-AEE8-FD51263A07CE}.Release|Any CPU.Build.0 = Release|Any CPU
		{5342A5F6-9378-4616-981D-3F8FDC3D9857}.Debug|Any CPU.ActiveCfg = Debug|Any CPU
		{5342A5F6-9378-4616-981D-3F8FDC3D9857}.Debug|Any CPU.Build.0 = Debug|Any CPU
		{5342A5F6-9378-4616-981D-3F8FDC3D9857}.Release|Any CPU.ActiveCfg = Release|Any CPU
		{5342A5F6-9378-4616-981D-3F8FDC3D9857}.Release|Any CPU.Build.0 = Release|Any CPU
	EndGlobalSection
	GlobalSection(SolutionProperties) = preSolution
		HideSolutionNode = FALSE
	EndGlobalSection
	GlobalSection(NestedProjects) = preSolution
		{260AA54E-1BC4-45CA-AEE8-FD51263A07CE} = {92198EE4-A0BB-4E81-875E-5E8C2FA08694}
		{5342A5F6-9378-4616-981D-3F8FDC3D9857} = {CDA76B21-7093-4693-ADDA-7BAC1C9B4898}
	EndGlobalSection
	GlobalSection(ExtensibilityGlobals) = postSolution
		SolutionGuid = {FB3D48C5-FDD0-430C-A2C7-740D38DF12F8}
	EndGlobalSection
EndGlobal
